
Microsoft Visual Studio Solution File, Format Version 12.00
# Visual Studio Version 16
VisualStudioVersion = 16.0.29418.71
MinimumVisualStudioVersion = 10.0.40219.1
Project("{FAE04EC0-301F-11D3-BF4B-00C04F79EFBC}") = "Quiz", "Quiz.csproj", "{F5E72E03-565C-49C4-B602-8B466E65BD4B}"
EndProject
Global
	GlobalSection(SolutionConfigurationPlatforms) = preSolution
		Debug|Any CPU = Debug|Any CPU
		Release|Any CPU = Release|Any CPU
	EndGlobalSection
	GlobalSection(ProjectConfigurationPlatforms) = postSolution
		{F5E72E03-565C-49C4-B602-8B466E65BD4B}.Debug|Any CPU.ActiveCfg = Debug|Any CPU
		{F5E72E03-565C-49C4-B602-8B466E65BD4B}.Debug|Any CPU.Build.0 = Debug|Any CPU
		{F5E72E03-565C-49C4-B602-8B466E65BD4B}.Release|Any CPU.ActiveCfg = Release|Any CPU
		{F5E72E03-565C-49C4-B602-8B466E65BD4B}.Release|Any CPU.Build.0 = Release|Any CPU
	EndGlobalSection
	GlobalSection(SolutionProperties) = preSolution
		HideSolutionNode = FALSE
	EndGlobalSection
	GlobalSection(ExtensibilityGlobals) = postSolution
		SolutionGuid = {CBD98EBC-A237-40D2-B812-C842B913F35E}
	EndGlobalSection
EndGlobal
